github.com/google/go-cmp v0.7.0 h1:wk8382ETsv4JYUZwIsn6YpYiWiBsYLSJiTsyBybVuN8=
github.com/google/go-cmp v0.7.0/go.mod h1:pXiqmnSA92OHEEa9HXL2W4E7lf9JzCmGVUdgjX3N/iU=
github.com/rickb777/expect v0.0.0-20250321213248-e0e527111978 h1:kcF1jQj6/SopuLxeeE1CAxRTWBi/hyLfLcwizB+Dp4s=
github.com/rickb777/expect v0.0.0-20250321213248-e0e527111978/go.mod h1:OY4/ON0nHmPG4PKZ1h/9Jjl56DkiJuy2+FuReEnQrRs=
github.com/rickb777/expect v0.0.0-20250323141415-f94064b90009 h1:msmnp49oBArU/NVlFSMlGjvXc1bJoWlc8I7Xxn2W+Eo=
github.com/rickb777/expect v0.0.0-20250323141415-f94064b90009/go.mod h1:OY4/ON0nHmPG4PKZ1h/9Jjl56DkiJuy2+FuReEnQrRs=
github.com/rickb777/expect v0.2.0 h1:gjFQxXGmgQ0w4U2QY5vBmBOAvdcP9o9ICyZytniVjDc=
github.com/rickb777/expect v0.2.0/go.mod h1:OY4/ON0nHmPG4PKZ1h/9Jjl56DkiJuy2+FuReEnQrRs=
